github.com/streadway/quantile v0.0.0-20150917103942-b0c588724d25 h1:7z3LSn867ex6VSaahyKadf4WtSsJIgne6A1WLOAGM8A=
github.com/streadway/quantile v0.0.0-20150917103942-b0c588724d25/go.mod h1:lbP8tGiBjZ5YWIc2fzuRpTaz0b/53vT6PEs3QuAWzuU=
go.uber.org/ratelimit v0.0.0-20180316092928-c15da0234277 h1:d9qaMM+ODpCq+9We41//fu/sHsTnXcrqd1en3x+GKy4=
go.uber.org/ratelimit v0.0.0-20180316092928-c15da0234277/go.mod h1:2X8KaoNd1J0lZV+PxJk/5+DGbO/tpwLR1m++a7FnB/Y=
go.uber.org/ratelimit v0.1.0/go.mod h1:2X8KaoNd1J0lZV+PxJk/5+DGbO/tpwLR1m++a7FnB/Y=
